
Microsoft Visual Studio Solution File, Format Version 12.00
# Blend for Visual Studio Version 17
VisualStudioVersion = 17.5.33530.505
MinimumVisualStudioVersion = 10.0.40219.1
Project("{9A19103F-16F7-4668-BE54-9A1E7A4F7556}") = "ViewModel", "ViewModel\ViewModel.csproj", "{B6ACB3E7-866E-4A64-A572-CCEFACF70161}"
EndProject
Project("{9A19103F-16F7-4668-BE54-9A1E7A4F7556}") = "AM.UI", "UI\AM.UI.csproj", "{A7E21FE3-4642-4861-B507-6AA1126AEA01}"
EndProject
Project("{9A19103F-16F7-4668-BE54-9A1E7A4F7556}") = "Services", "Services\Services.csproj", "{BC7A813C-A4CC-4F71-AD68-CDF461823793}"
EndProject
Project("{9A19103F-16F7-4668-BE54-9A1E7A4F7556}") = "Data", "Data\Data.csproj", "{22E602BE-6D77-4EBF-A824-20FEFB636868}"
EndProject
Global
	GlobalSection(SolutionConfigurationPlatforms) = preSolution
		Debug|Any CPU = Debug|Any CPU
		Release|Any CPU = Release|Any CPU
	EndGlobalSection
	GlobalSection(ProjectConfigurationPlatforms) = postSolution
		{B6ACB3E7-866E-4A64-A572-CCEFACF70161}.Debug|Any CPU.ActiveCfg = Debug|Any CPU
		{B6ACB3E7-866E-4A64-A572-CCEFACF70161}.Debug|Any CPU.Build.0 = Debug|Any CPU
		{B6ACB3E7-866E-4A64-A572-CCEFACF70161}.Release|Any CPU.ActiveCfg = Release|Any CPU
		{B6ACB3E7-866E-4A64-A572-CCEFACF70161}.Release|Any CPU.Build.0 = Release|Any CPU
		{A7E21FE3-4642-4861-B507-6AA1126AEA01}.Debug|Any CPU.ActiveCfg = Debug|Any CPU
		{A7E21FE3-4642-4861-B507-6AA1126AEA01}.Debug|Any CPU.Build.0 = Debug|Any CPU
		{A7E21FE3-4642-4861-B507-6AA1126AEA01}.Release|Any CPU.ActiveCfg = Release|Any CPU
		{A7E21FE3-4642-4861-B507-6AA1126AEA01}.Release|Any CPU.Build.0 = Release|Any CPU
		{BC7A813C-A4CC-4F71-AD68-CDF461823793}.Debug|Any CPU.ActiveCfg = Debug|Any CPU
		{BC7A813C-A4CC-4F71-AD68-CDF461823793}.Debug|Any CPU.Build.0 = Debug|Any CPU
		{BC7A813C-A4CC-4F71-AD68-CDF461823793}.Release|Any CPU.ActiveCfg = Release|Any CPU
		{BC7A813C-A4CC-4F71-AD68-CDF461823793}.Release|Any CPU.Build.0 = Release|Any CPU
		{22E602BE-6D77-4EBF-A824-20FEFB636868}.Debug|Any CPU.ActiveCfg = Debug|Any CPU
		{22E602BE-6D77-4EBF-A824-20FEFB636868}.Debug|Any CPU.Build.0 = Debug|Any CPU
		{22E602BE-6D77-4EBF-A824-20FEFB636868}.Release|Any CPU.ActiveCfg = Release|Any CPU
		{22E602BE-6D77-4EBF-A824-20FEFB636868}.Release|Any CPU.Build.0 = Release|Any CPU
	EndGlobalSection
	GlobalSection(SolutionProperties) = preSolution
		HideSolutionNode = FALSE
	EndGlobalSection
	GlobalSection(ExtensibilityGlobals) = postSolution
		SolutionGuid = {EE5FDFE9-4A7A-4CAB-A3E3-2713EEB46B60}
	EndGlobalSection
EndGlobal
